
Microsoft Visual Studio Solution File, Format Version 12.00
# Visual Studio 15
VisualStudioVersion = 15.0.26124.0
MinimumVisualStudioVersion = 15.0.26124.0
Project("{FAE04EC0-301F-11D3-BF4B-00C04F79EFBC}") = "Omega", "Omega\Omega.csproj", "{2686D6C8-B5ED-44CE-B46E-D44D0FFBB6CC}"
EndProject
Project("{2150E333-8FDC-42A3-9474-1A3956D46DE8}") = "OmegaLibs", "OmegaLibs", "{65205BF5-B65B-4271-AD89-5BA51C345258}"
EndProject
Project("{FAE04EC0-301F-11D3-BF4B-00C04F79EFBC}") = "RandomStuff", "OmegaLibs\RandomStuff\RandomStuff.csproj", "{D6EB6C83-1D9C-482E-AE4B-7137EA43FA01}"
EndProject
Project("{FAE04EC0-301F-11D3-BF4B-00C04F79EFBC}") = "OmegaPlumbing", "OmegaLibs\OmegaPlumbing\OmegaPlumbing.csproj", "{5390F05C-0BCA-4DE2-8B7C-A77C1D0AE197}"
EndProject
Project("{2150E333-8FDC-42A3-9474-1A3956D46DE8}") = "OmegaServices", "OmegaServices", "{1182D1A1-DAC4-445B-A116-8198ABE303C4}"
EndProject
Project("{FAE04EC0-301F-11D3-BF4B-00C04F79EFBC}") = "OmegaService.Weather", "OmegaServices\OmegaService.Weather\OmegaService.Weather.csproj", "{EB39F736-3863-451B-B03A-3DD0CA383B95}"
EndProject
Project("{FAE04EC0-301F-11D3-BF4B-00C04F79EFBC}") = "OmegaService.Auth", "OmegaServices\OmegaService.Auth\OmegaService.Auth.csproj", "{F79E56C3-B3D6-4AF6-AD86-6DD1B98384E6}"
EndProject
Project("{FAE04EC0-301F-11D3-BF4B-00C04F79EFBC}") = "SharedModel", "OmegaLibs\SharedModel\SharedModel.csproj", "{E3D569E6-AD55-4699-9112-DB8CEB4B9E80}"
EndProject
Global
	GlobalSection(SolutionConfigurationPlatforms) = preSolution
		Debug|Any CPU = Debug|Any CPU
		Debug|x64 = Debug|x64
		Debug|x86 = Debug|x86
		Release|Any CPU = Release|Any CPU
		Release|x64 = Release|x64
		Release|x86 = Release|x86
	EndGlobalSection
	GlobalSection(SolutionProperties) = preSolution
		HideSolutionNode = FALSE
	EndGlobalSection
	GlobalSection(ProjectConfigurationPlatforms) = postSolution
		{2686D6C8-B5ED-44CE-B46E-D44D0FFBB6CC}.Debug|Any CPU.ActiveCfg = Debug|Any CPU
		{2686D6C8-B5ED-44CE-B46E-D44D0FFBB6CC}.Debug|Any CPU.Build.0 = Debug|Any CPU
		{2686D6C8-B5ED-44CE-B46E-D44D0FFBB6CC}.Debug|x64.ActiveCfg = Debug|Any CPU
		{2686D6C8-B5ED-44CE-B46E-D44D0FFBB6CC}.Debug|x64.Build.0 = Debug|Any CPU
		{2686D6C8-B5ED-44CE-B46E-D44D0FFBB6CC}.Debug|x86.ActiveCfg = Debug|Any CPU
		{2686D6C8-B5ED-44CE-B46E-D44D0FFBB6CC}.Debug|x86.Build.0 = Debug|Any CPU
		{2686D6C8-B5ED-44CE-B46E-D44D0FFBB6CC}.Release|Any CPU.ActiveCfg = Release|Any CPU
		{2686D6C8-B5ED-44CE-B46E-D44D0FFBB6CC}.Release|Any CPU.Build.0 = Release|Any CPU
		{2686D6C8-B5ED-44CE-B46E-D44D0FFBB6CC}.Release|x64.ActiveCfg = Release|Any CPU
		{2686D6C8-B5ED-44CE-B46E-D44D0FFBB6CC}.Release|x64.Build.0 = Release|Any CPU
		{2686D6C8-B5ED-44CE-B46E-D44D0FFBB6CC}.Release|x86.ActiveCfg = Release|Any CPU
		{2686D6C8-B5ED-44CE-B46E-D44D0FFBB6CC}.Release|x86.Build.0 = Release|Any CPU
		{D6EB6C83-1D9C-482E-AE4B-7137EA43FA01}.Debug|Any CPU.ActiveCfg = Debug|Any CPU
		{D6EB6C83-1D9C-482E-AE4B-7137EA43FA01}.Debug|Any CPU.Build.0 = Debug|Any CPU
		{D6EB6C83-1D9C-482E-AE4B-7137EA43FA01}.Debug|x64.ActiveCfg = Debug|Any CPU
		{D6EB6C83-1D9C-482E-AE4B-7137EA43FA01}.Debug|x64.Build.0 = Debug|Any CPU
		{D6EB6C83-1D9C-482E-AE4B-7137EA43FA01}.Debug|x86.ActiveCfg = Debug|Any CPU
		{D6EB6C83-1D9C-482E-AE4B-7137EA43FA01}.Debug|x86.Build.0 = Debug|Any CPU
		{D6EB6C83-1D9C-482E-AE4B-7137EA43FA01}.Release|Any CPU.ActiveCfg = Release|Any CPU
		{D6EB6C83-1D9C-482E-AE4B-7137EA43FA01}.Release|Any CPU.Build.0 = Release|Any CPU
		{D6EB6C83-1D9C-482E-AE4B-7137EA43FA01}.Release|x64.ActiveCfg = Release|Any CPU
		{D6EB6C83-1D9C-482E-AE4B-7137EA43FA01}.Release|x64.Build.0 = Release|Any CPU
		{D6EB6C83-1D9C-482E-AE4B-7137EA43FA01}.Release|x86.ActiveCfg = Release|Any CPU
		{D6EB6C83-1D9C-482E-AE4B-7137EA43FA01}.Release|x86.Build.0 = Release|Any CPU
		{5390F05C-0BCA-4DE2-8B7C-A77C1D0AE197}.Debug|Any CPU.ActiveCfg = Debug|Any CPU
		{5390F05C-0BCA-4DE2-8B7C-A77C1D0AE197}.Debug|Any CPU.Build.0 = Debug|Any CPU
		{5390F05C-0BCA-4DE2-8B7C-A77C1D0AE197}.Debug|x64.ActiveCfg = Debug|Any CPU
		{5390F05C-0BCA-4DE2-8B7C-A77C1D0AE197}.Debug|x64.Build.0 = Debug|Any CPU
		{5390F05C-0BCA-4DE2-8B7C-A77C1D0AE197}.Debug|x86.ActiveCfg = Debug|Any CPU
		{5390F05C-0BCA-4DE2-8B7C-A77C1D0AE197}.Debug|x86.Build.0 = Debug|Any CPU
		{5390F05C-0BCA-4DE2-8B7C-A77C1D0AE197}.Release|Any CPU.ActiveCfg = Release|Any CPU
		{5390F05C-0BCA-4DE2-8B7C-A77C1D0AE197}.Release|Any CPU.Build.0 = Release|Any CPU
		{5390F05C-0BCA-4DE2-8B7C-A77C1D0AE197}.Release|x64.ActiveCfg = Release|Any CPU
		{5390F05C-0BCA-4DE2-8B7C-A77C1D0AE197}.Release|x64.Build.0 = Release|Any CPU
		{5390F05C-0BCA-4DE2-8B7C-A77C1D0AE197}.Release|x86.ActiveCfg = Release|Any CPU
		{5390F05C-0BCA-4DE2-8B7C-A77C1D0AE197}.Release|x86.Build.0 = Release|Any CPU
		{EB39F736-3863-451B-B03A-3DD0CA383B95}.Debug|Any CPU.ActiveCfg = Debug|Any CPU
		{EB39F736-3863-451B-B03A-3DD0CA383B95}.Debug|Any CPU.Build.0 = Debug|Any CPU
		{EB39F736-3863-451B-B03A-3DD0CA383B95}.Debug|x64.ActiveCfg = Debug|Any CPU
		{EB39F736-3863-451B-B03A-3DD0CA383B95}.Debug|x64.Build.0 = Debug|Any CPU
		{EB39F736-3863-451B-B03A-3DD0CA383B95}.Debug|x86.ActiveCfg = Debug|Any CPU
		{EB39F736-3863-451B-B03A-3DD0CA383B95}.Debug|x86.Build.0 = Debug|Any CPU
		{EB39F736-3863-451B-B03A-3DD0CA383B95}.Release|Any CPU.ActiveCfg = Release|Any CPU
		{EB39F736-3863-451B-B03A-3DD0CA383B95}.Release|Any CPU.Build.0 = Release|Any CPU
		{EB39F736-3863-451B-B03A-3DD0CA383B95}.Release|x64.ActiveCfg = Release|Any CPU
		{EB39F736-3863-451B-B03A-3DD0CA383B95}.Release|x64.Build.0 = Release|Any CPU
		{EB39F736-3863-451B-B03A-3DD0CA383B95}.Release|x86.ActiveCfg = Release|Any CPU
		{EB39F736-3863-451B-B03A-3DD0CA383B95}.Release|x86.Build.0 = Release|Any CPU
		{F79E56C3-B3D6-4AF6-AD86-6DD1B98384E6}.Debug|Any CPU.ActiveCfg = Debug|Any CPU
		{F79E56C3-B3D6-4AF6-AD86-6DD1B98384E6}.Debug|Any CPU.Build.0 = Debug|Any CPU
		{F79E56C3-B3D6-4AF6-AD86-6DD1B98384E6}.Debug|x64.ActiveCfg = Debug|Any CPU
		{F79E56C3-B3D6-4AF6-AD86-6DD1B98384E6}.Debug|x64.Build.0 = Debug|Any CPU
		{F79E56C3-B3D6-4AF6-AD86-6DD1B98384E6}.Debug|x86.ActiveCfg = Debug|Any CPU
		{F79E56C3-B3D6-4AF6-AD86-6DD1B98384E6}.Debug|x86.Build.0 = Debug|Any CPU
		{F79E56C3-B3D6-4AF6-AD86-6DD1B98384E6}.Release|Any CPU.ActiveCfg = Release|Any CPU
		{F79E56C3-B3D6-4AF6-AD86-6DD1B98384E6}.Release|Any CPU.Build.0 = Release|Any CPU
		{F79E56C3-B3D6-4AF6-AD86-6DD1B98384E6}.Release|x64.ActiveCfg = Release|Any CPU
		{F79E56C3-B3D6-4AF6-AD86-6DD1B98384E6}.Release|x64.Build.0 = Release|Any CPU
		{F79E56C3-B3D6-4AF6-AD86-6DD1B98384E6}.Release|x86.ActiveCfg = Release|Any CPU
		{F79E56C3-B3D6-4AF6-AD86-6DD1B98384E6}.Release|x86.Build.0 = Release|Any CPU
		{E3D569E6-AD55-4699-9112-DB8CEB4B9E80}.Debug|Any CPU.ActiveCfg = Debug|Any CPU
		{E3D569E6-AD55-4699-9112-DB8CEB4B9E80}.Debug|Any CPU.Build.0 = Debug|Any CPU
		{E3D569E6-AD55-4699-9112-DB8CEB4B9E80}.Debug|x64.ActiveCfg = Debug|Any CPU
		{E3D569E6-AD55-4699-9112-DB8CEB4B9E80}.Debug|x64.Build.0 = Debug|Any CPU
		{E3D569E6-AD55-4699-9112-DB8CEB4B9E80}.Debug|x86.ActiveCfg = Debug|Any CPU
		{E3D569E6-AD55-4699-9112-DB8CEB4B9E80}.Debug|x86.Build.0 = Debug|Any CPU
		{E3D569E6-AD55-4699-9112-DB8CEB4B9E80}.Release|Any CPU.ActiveCfg = Release|Any CPU
		{E3D569E6-AD55-4699-9112-DB8CEB4B9E80}.Release|Any CPU.Build.0 = Release|Any CPU
		{E3D569E6-AD55-4699-9112-DB8CEB4B9E80}.Release|x64.ActiveCfg = Release|Any CPU
		{E3D569E6-AD55-4699-9112-DB8CEB4B9E80}.Release|x64.Build.0 = Release|Any CPU
		{E3D569E6-AD55-4699-9112-DB8CEB4B9E80}.Release|x86.ActiveCfg = Release|Any CPU
		{E3D569E6-AD55-4699-9112-DB8CEB4B9E80}.Release|x86.Build.0 = Release|Any CPU
	EndGlobalSection
	GlobalSection(NestedProjects) = preSolution
		{D6EB6C83-1D9C-482E-AE4B-7137EA43FA01} = {65205BF5-B65B-4271-AD89-5BA51C345258}
		{5390F05C-0BCA-4DE2-8B7C-A77C1D0AE197} = {65205BF5-B65B-4271-AD89-5BA51C345258}
		{EB39F736-3863-451B-B03A-3DD0CA383B95} = {1182D1A1-DAC4-445B-A116-8198ABE303C4}
		{F79E56C3-B3D6-4AF6-AD86-6DD1B98384E6} = {1182D1A1-DAC4-445B-A116-8198ABE303C4}
		{E3D569E6-AD55-4699-9112-DB8CEB4B9E80} = {65205BF5-B65B-4271-AD89-5BA51C345258}
	EndGlobalSection
EndGlobal
