
Microsoft Visual Studio Solution File, Format Version 12.00
# Visual Studio Version 16
VisualStudioVersion = 16.6.30114.105
MinimumVisualStudioVersion = 10.0.40219.1
Project("{2150E333-8FDC-42A3-9474-1A3956D46DE8}") = "src", "src", "{B980B00E-8651-4526-B1B8-9A14C7C22D37}"
EndProject
Project("{FAE04EC0-301F-11D3-BF4B-00C04F79EFBC}") = "Omega", "src\Omega\Omega.csproj", "{158AB089-BD9D-4D3A-94F0-735B81CAB91E}"
EndProject
Project("{2150E333-8FDC-42A3-9474-1A3956D46DE8}") = "interop", "interop", "{057A371C-3370-4BF9-9C62-86DCE0F7F9E9}"
EndProject
Project("{FAE04EC0-301F-11D3-BF4B-00C04F79EFBC}") = "OmegaInterop.Auth", "src\interop\OmegaInterop.Auth\OmegaInterop.Auth.csproj", "{2E90B442-D98C-4A31-A571-1FCA8B2BF44F}"
EndProject
Project("{FAE04EC0-301F-11D3-BF4B-00C04F79EFBC}") = "OmegaInterop.Core", "src\interop\OmegaInterop.Core\OmegaInterop.Core.csproj", "{1CF8D066-4B28-416F-8F92-BC8136BEC383}"
EndProject
Project("{FAE04EC0-301F-11D3-BF4B-00C04F79EFBC}") = "OmegaInterop.Weather", "src\interop\OmegaInterop.Weather\OmegaInterop.Weather.csproj", "{2290C594-1111-4096-BE3A-97BA574BF8DC}"
EndProject
Project("{2150E333-8FDC-42A3-9474-1A3956D46DE8}") = "libs", "libs", "{49E12F2F-40FE-40B8-A55C-60AF0AA642B7}"
EndProject
Project("{FAE04EC0-301F-11D3-BF4B-00C04F79EFBC}") = "Omega.DbMigrator", "src\libs\Omega.DbMigrator\Omega.DbMigrator.csproj", "{F25AD635-6A89-44B0-9DA5-2368D1380540}"
EndProject
Project("{FAE04EC0-301F-11D3-BF4B-00C04F79EFBC}") = "Omega.Plumbing", "src\libs\Omega.Plumbing\Omega.Plumbing.csproj", "{60A92EDC-DA1E-4A88-9AB4-756ACA0AC7CC}"
EndProject
Project("{FAE04EC0-301F-11D3-BF4B-00C04F79EFBC}") = "Omega.Utils", "src\libs\Omega.Utils\Omega.Utils.csproj", "{74DBF81A-33F9-46AD-A2FF-B2FE71643D72}"
EndProject
Project("{FAE04EC0-301F-11D3-BF4B-00C04F79EFBC}") = "RandomStuff", "src\libs\RandomStuff\RandomStuff.csproj", "{8BC4C803-09E6-4AAE-8C8D-027468526CB3}"
EndProject
Project("{2150E333-8FDC-42A3-9474-1A3956D46DE8}") = "services", "services", "{2C9106DF-1E09-4C15-9540-BB2DF6393BF9}"
EndProject
Project("{FAE04EC0-301F-11D3-BF4B-00C04F79EFBC}") = "OmegaService.Auth", "src\services\OmegaService.Auth\OmegaService.Auth.csproj", "{2FE8B8C3-7CAD-46B0-B013-0C6F783842AC}"
EndProject
Project("{FAE04EC0-301F-11D3-BF4B-00C04F79EFBC}") = "OmegaService.Core", "src\services\OmegaService.Core\OmegaService.Core.csproj", "{97EA9CA5-8D50-405E-AE96-80A32C9E0981}"
EndProject
Project("{FAE04EC0-301F-11D3-BF4B-00C04F79EFBC}") = "OmegaService.Weather", "src\services\OmegaService.Weather\OmegaService.Weather.csproj", "{1293053E-E36A-489D-B1D2-12BF0E5AD593}"
EndProject
Project("{FAE04EC0-301F-11D3-BF4B-00C04F79EFBC}") = "OmegaService.Web", "src\services\OmegaService.Web\OmegaService.Web.csproj", "{7FBB2BD7-09F9-4F86-B1C3-D164BC3C2EA9}"
EndProject
Project("{2150E333-8FDC-42A3-9474-1A3956D46DE8}") = "tests", "tests", "{66CD2E7C-13A8-4A78-B76E-98B7EA683381}"
EndProject
Project("{2150E333-8FDC-42A3-9474-1A3956D46DE8}") = "libs", "libs", "{D94C6DD9-357C-4E5E-9D67-6A880B957988}"
EndProject
Project("{2150E333-8FDC-42A3-9474-1A3956D46DE8}") = "services", "services", "{8B079736-6082-45AA-B25F-E38D4F76F3E3}"
EndProject
Project("{FAE04EC0-301F-11D3-BF4B-00C04F79EFBC}") = "OmegaService.Core.Tests", "tests\services\OmegaService.Core.Tests\OmegaService.Core.Tests.csproj", "{82AD5540-B092-47AC-8EFF-4536390536EB}"
EndProject
Project("{2150E333-8FDC-42A3-9474-1A3956D46DE8}") = "SolutionItems", "SolutionItems", "{FCF2EFEC-574B-41FD-BA0C-7917FDB99242}"
ProjectSection(SolutionItems) = preProject
	.editorconfig = .editorconfig
	.env.client = .env.client
	.env.client.template = .env.client.template
	.env.server = .env.server
	.env.server.template = .env.server.template
	.gitignore = .gitignore
	gulpfile.js = gulpfile.js
	LICENSE = LICENSE
	package.json = package.json
	project-omega.sln = project-omega.sln
	README.md = README.md
EndProjectSection
EndProject
Global
	GlobalSection(SolutionConfigurationPlatforms) = preSolution
		Debug|Any CPU = Debug|Any CPU
		Debug|x64 = Debug|x64
		Debug|x86 = Debug|x86
		Release|Any CPU = Release|Any CPU
		Release|x64 = Release|x64
		Release|x86 = Release|x86
	EndGlobalSection
	GlobalSection(SolutionProperties) = preSolution
		HideSolutionNode = FALSE
	EndGlobalSection
	GlobalSection(ProjectConfigurationPlatforms) = postSolution
		{158AB089-BD9D-4D3A-94F0-735B81CAB91E}.Debug|Any CPU.ActiveCfg = Debug|Any CPU
		{158AB089-BD9D-4D3A-94F0-735B81CAB91E}.Debug|Any CPU.Build.0 = Debug|Any CPU
		{158AB089-BD9D-4D3A-94F0-735B81CAB91E}.Debug|x64.ActiveCfg = Debug|Any CPU
		{158AB089-BD9D-4D3A-94F0-735B81CAB91E}.Debug|x64.Build.0 = Debug|Any CPU
		{158AB089-BD9D-4D3A-94F0-735B81CAB91E}.Debug|x86.ActiveCfg = Debug|Any CPU
		{158AB089-BD9D-4D3A-94F0-735B81CAB91E}.Debug|x86.Build.0 = Debug|Any CPU
		{158AB089-BD9D-4D3A-94F0-735B81CAB91E}.Release|Any CPU.ActiveCfg = Release|Any CPU
		{158AB089-BD9D-4D3A-94F0-735B81CAB91E}.Release|Any CPU.Build.0 = Release|Any CPU
		{158AB089-BD9D-4D3A-94F0-735B81CAB91E}.Release|x64.ActiveCfg = Release|Any CPU
		{158AB089-BD9D-4D3A-94F0-735B81CAB91E}.Release|x64.Build.0 = Release|Any CPU
		{158AB089-BD9D-4D3A-94F0-735B81CAB91E}.Release|x86.ActiveCfg = Release|Any CPU
		{158AB089-BD9D-4D3A-94F0-735B81CAB91E}.Release|x86.Build.0 = Release|Any CPU
		{2E90B442-D98C-4A31-A571-1FCA8B2BF44F}.Debug|Any CPU.ActiveCfg = Debug|Any CPU
		{2E90B442-D98C-4A31-A571-1FCA8B2BF44F}.Debug|Any CPU.Build.0 = Debug|Any CPU
		{2E90B442-D98C-4A31-A571-1FCA8B2BF44F}.Debug|x64.ActiveCfg = Debug|Any CPU
		{2E90B442-D98C-4A31-A571-1FCA8B2BF44F}.Debug|x64.Build.0 = Debug|Any CPU
		{2E90B442-D98C-4A31-A571-1FCA8B2BF44F}.Debug|x86.ActiveCfg = Debug|Any CPU
		{2E90B442-D98C-4A31-A571-1FCA8B2BF44F}.Debug|x86.Build.0 = Debug|Any CPU
		{2E90B442-D98C-4A31-A571-1FCA8B2BF44F}.Release|Any CPU.ActiveCfg = Release|Any CPU
		{2E90B442-D98C-4A31-A571-1FCA8B2BF44F}.Release|Any CPU.Build.0 = Release|Any CPU
		{2E90B442-D98C-4A31-A571-1FCA8B2BF44F}.Release|x64.ActiveCfg = Release|Any CPU
		{2E90B442-D98C-4A31-A571-1FCA8B2BF44F}.Release|x64.Build.0 = Release|Any CPU
		{2E90B442-D98C-4A31-A571-1FCA8B2BF44F}.Release|x86.ActiveCfg = Release|Any CPU
		{2E90B442-D98C-4A31-A571-1FCA8B2BF44F}.Release|x86.Build.0 = Release|Any CPU
		{1CF8D066-4B28-416F-8F92-BC8136BEC383}.Debug|Any CPU.ActiveCfg = Debug|Any CPU
		{1CF8D066-4B28-416F-8F92-BC8136BEC383}.Debug|Any CPU.Build.0 = Debug|Any CPU
		{1CF8D066-4B28-416F-8F92-BC8136BEC383}.Debug|x64.ActiveCfg = Debug|Any CPU
		{1CF8D066-4B28-416F-8F92-BC8136BEC383}.Debug|x64.Build.0 = Debug|Any CPU
		{1CF8D066-4B28-416F-8F92-BC8136BEC383}.Debug|x86.ActiveCfg = Debug|Any CPU
		{1CF8D066-4B28-416F-8F92-BC8136BEC383}.Debug|x86.Build.0 = Debug|Any CPU
		{1CF8D066-4B28-416F-8F92-BC8136BEC383}.Release|Any CPU.ActiveCfg = Release|Any CPU
		{1CF8D066-4B28-416F-8F92-BC8136BEC383}.Release|Any CPU.Build.0 = Release|Any CPU
		{1CF8D066-4B28-416F-8F92-BC8136BEC383}.Release|x64.ActiveCfg = Release|Any CPU
		{1CF8D066-4B28-416F-8F92-BC8136BEC383}.Release|x64.Build.0 = Release|Any CPU
		{1CF8D066-4B28-416F-8F92-BC8136BEC383}.Release|x86.ActiveCfg = Release|Any CPU
		{1CF8D066-4B28-416F-8F92-BC8136BEC383}.Release|x86.Build.0 = Release|Any CPU
		{2290C594-1111-4096-BE3A-97BA574BF8DC}.Debug|Any CPU.ActiveCfg = Debug|Any CPU
		{2290C594-1111-4096-BE3A-97BA574BF8DC}.Debug|Any CPU.Build.0 = Debug|Any CPU
		{2290C594-1111-4096-BE3A-97BA574BF8DC}.Debug|x64.ActiveCfg = Debug|Any CPU
		{2290C594-1111-4096-BE3A-97BA574BF8DC}.Debug|x64.Build.0 = Debug|Any CPU
		{2290C594-1111-4096-BE3A-97BA574BF8DC}.Debug|x86.ActiveCfg = Debug|Any CPU
		{2290C594-1111-4096-BE3A-97BA574BF8DC}.Debug|x86.Build.0 = Debug|Any CPU
		{2290C594-1111-4096-BE3A-97BA574BF8DC}.Release|Any CPU.ActiveCfg = Release|Any CPU
		{2290C594-1111-4096-BE3A-97BA574BF8DC}.Release|Any CPU.Build.0 = Release|Any CPU
		{2290C594-1111-4096-BE3A-97BA574BF8DC}.Release|x64.ActiveCfg = Release|Any CPU
		{2290C594-1111-4096-BE3A-97BA574BF8DC}.Release|x64.Build.0 = Release|Any CPU
		{2290C594-1111-4096-BE3A-97BA574BF8DC}.Release|x86.ActiveCfg = Release|Any CPU
		{2290C594-1111-4096-BE3A-97BA574BF8DC}.Release|x86.Build.0 = Release|Any CPU
		{F25AD635-6A89-44B0-9DA5-2368D1380540}.Debug|Any CPU.ActiveCfg = Debug|Any CPU
		{F25AD635-6A89-44B0-9DA5-2368D1380540}.Debug|Any CPU.Build.0 = Debug|Any CPU
		{F25AD635-6A89-44B0-9DA5-2368D1380540}.Debug|x64.ActiveCfg = Debug|Any CPU
		{F25AD635-6A89-44B0-9DA5-2368D1380540}.Debug|x64.Build.0 = Debug|Any CPU
		{F25AD635-6A89-44B0-9DA5-2368D1380540}.Debug|x86.ActiveCfg = Debug|Any CPU
		{F25AD635-6A89-44B0-9DA5-2368D1380540}.Debug|x86.Build.0 = Debug|Any CPU
		{F25AD635-6A89-44B0-9DA5-2368D1380540}.Release|Any CPU.ActiveCfg = Release|Any CPU
		{F25AD635-6A89-44B0-9DA5-2368D1380540}.Release|Any CPU.Build.0 = Release|Any CPU
		{F25AD635-6A89-44B0-9DA5-2368D1380540}.Release|x64.ActiveCfg = Release|Any CPU
		{F25AD635-6A89-44B0-9DA5-2368D1380540}.Release|x64.Build.0 = Release|Any CPU
		{F25AD635-6A89-44B0-9DA5-2368D1380540}.Release|x86.ActiveCfg = Release|Any CPU
		{F25AD635-6A89-44B0-9DA5-2368D1380540}.Release|x86.Build.0 = Release|Any CPU
		{60A92EDC-DA1E-4A88-9AB4-756ACA0AC7CC}.Debug|Any CPU.ActiveCfg = Debug|Any CPU
		{60A92EDC-DA1E-4A88-9AB4-756ACA0AC7CC}.Debug|Any CPU.Build.0 = Debug|Any CPU
		{60A92EDC-DA1E-4A88-9AB4-756ACA0AC7CC}.Debug|x64.ActiveCfg = Debug|Any CPU
		{60A92EDC-DA1E-4A88-9AB4-756ACA0AC7CC}.Debug|x64.Build.0 = Debug|Any CPU
		{60A92EDC-DA1E-4A88-9AB4-756ACA0AC7CC}.Debug|x86.ActiveCfg = Debug|Any CPU
		{60A92EDC-DA1E-4A88-9AB4-756ACA0AC7CC}.Debug|x86.Build.0 = Debug|Any CPU
		{60A92EDC-DA1E-4A88-9AB4-756ACA0AC7CC}.Release|Any CPU.ActiveCfg = Release|Any CPU
		{60A92EDC-DA1E-4A88-9AB4-756ACA0AC7CC}.Release|Any CPU.Build.0 = Release|Any CPU
		{60A92EDC-DA1E-4A88-9AB4-756ACA0AC7CC}.Release|x64.ActiveCfg = Release|Any CPU
		{60A92EDC-DA1E-4A88-9AB4-756ACA0AC7CC}.Release|x64.Build.0 = Release|Any CPU
		{60A92EDC-DA1E-4A88-9AB4-756ACA0AC7CC}.Release|x86.ActiveCfg = Release|Any CPU
		{60A92EDC-DA1E-4A88-9AB4-756ACA0AC7CC}.Release|x86.Build.0 = Release|Any CPU
		{74DBF81A-33F9-46AD-A2FF-B2FE71643D72}.Debug|Any CPU.ActiveCfg = Debug|Any CPU
		{74DBF81A-33F9-46AD-A2FF-B2FE71643D72}.Debug|Any CPU.Build.0 = Debug|Any CPU
		{74DBF81A-33F9-46AD-A2FF-B2FE71643D72}.Debug|x64.ActiveCfg = Debug|Any CPU
		{74DBF81A-33F9-46AD-A2FF-B2FE71643D72}.Debug|x64.Build.0 = Debug|Any CPU
		{74DBF81A-33F9-46AD-A2FF-B2FE71643D72}.Debug|x86.ActiveCfg = Debug|Any CPU
		{74DBF81A-33F9-46AD-A2FF-B2FE71643D72}.Debug|x86.Build.0 = Debug|Any CPU
		{74DBF81A-33F9-46AD-A2FF-B2FE71643D72}.Release|Any CPU.ActiveCfg = Release|Any CPU
		{74DBF81A-33F9-46AD-A2FF-B2FE71643D72}.Release|Any CPU.Build.0 = Release|Any CPU
		{74DBF81A-33F9-46AD-A2FF-B2FE71643D72}.Release|x64.ActiveCfg = Release|Any CPU
		{74DBF81A-33F9-46AD-A2FF-B2FE71643D72}.Release|x64.Build.0 = Release|Any CPU
		{74DBF81A-33F9-46AD-A2FF-B2FE71643D72}.Release|x86.ActiveCfg = Release|Any CPU
		{74DBF81A-33F9-46AD-A2FF-B2FE71643D72}.Release|x86.Build.0 = Release|Any CPU
		{8BC4C803-09E6-4AAE-8C8D-027468526CB3}.Debug|Any CPU.ActiveCfg = Debug|Any CPU
		{8BC4C803-09E6-4AAE-8C8D-027468526CB3}.Debug|Any CPU.Build.0 = Debug|Any CPU
		{8BC4C803-09E6-4AAE-8C8D-027468526CB3}.Debug|x64.ActiveCfg = Debug|Any CPU
		{8BC4C803-09E6-4AAE-8C8D-027468526CB3}.Debug|x64.Build.0 = Debug|Any CPU
		{8BC4C803-09E6-4AAE-8C8D-027468526CB3}.Debug|x86.ActiveCfg = Debug|Any CPU
		{8BC4C803-09E6-4AAE-8C8D-027468526CB3}.Debug|x86.Build.0 = Debug|Any CPU
		{8BC4C803-09E6-4AAE-8C8D-027468526CB3}.Release|Any CPU.ActiveCfg = Release|Any CPU
		{8BC4C803-09E6-4AAE-8C8D-027468526CB3}.Release|Any CPU.Build.0 = Release|Any CPU
		{8BC4C803-09E6-4AAE-8C8D-027468526CB3}.Release|x64.ActiveCfg = Release|Any CPU
		{8BC4C803-09E6-4AAE-8C8D-027468526CB3}.Release|x64.Build.0 = Release|Any CPU
		{8BC4C803-09E6-4AAE-8C8D-027468526CB3}.Release|x86.ActiveCfg = Release|Any CPU
		{8BC4C803-09E6-4AAE-8C8D-027468526CB3}.Release|x86.Build.0 = Release|Any CPU
		{2FE8B8C3-7CAD-46B0-B013-0C6F783842AC}.Debug|Any CPU.ActiveCfg = Debug|Any CPU
		{2FE8B8C3-7CAD-46B0-B013-0C6F783842AC}.Debug|Any CPU.Build.0 = Debug|Any CPU
		{2FE8B8C3-7CAD-46B0-B013-0C6F783842AC}.Debug|x64.ActiveCfg = Debug|Any CPU
		{2FE8B8C3-7CAD-46B0-B013-0C6F783842AC}.Debug|x64.Build.0 = Debug|Any CPU
		{2FE8B8C3-7CAD-46B0-B013-0C6F783842AC}.Debug|x86.ActiveCfg = Debug|Any CPU
		{2FE8B8C3-7CAD-46B0-B013-0C6F783842AC}.Debug|x86.Build.0 = Debug|Any CPU
		{2FE8B8C3-7CAD-46B0-B013-0C6F783842AC}.Release|Any CPU.ActiveCfg = Release|Any CPU
		{2FE8B8C3-7CAD-46B0-B013-0C6F783842AC}.Release|Any CPU.Build.0 = Release|Any CPU
		{2FE8B8C3-7CAD-46B0-B013-0C6F783842AC}.Release|x64.ActiveCfg = Release|Any CPU
		{2FE8B8C3-7CAD-46B0-B013-0C6F783842AC}.Release|x64.Build.0 = Release|Any CPU
		{2FE8B8C3-7CAD-46B0-B013-0C6F783842AC}.Release|x86.ActiveCfg = Release|Any CPU
		{2FE8B8C3-7CAD-46B0-B013-0C6F783842AC}.Release|x86.Build.0 = Release|Any CPU
		{97EA9CA5-8D50-405E-AE96-80A32C9E0981}.Debug|Any CPU.ActiveCfg = Debug|Any CPU
		{97EA9CA5-8D50-405E-AE96-80A32C9E0981}.Debug|Any CPU.Build.0 = Debug|Any CPU
		{97EA9CA5-8D50-405E-AE96-80A32C9E0981}.Debug|x64.ActiveCfg = Debug|Any CPU
		{97EA9CA5-8D50-405E-AE96-80A32C9E0981}.Debug|x64.Build.0 = Debug|Any CPU
		{97EA9CA5-8D50-405E-AE96-80A32C9E0981}.Debug|x86.ActiveCfg = Debug|Any CPU
		{97EA9CA5-8D50-405E-AE96-80A32C9E0981}.Debug|x86.Build.0 = Debug|Any CPU
		{97EA9CA5-8D50-405E-AE96-80A32C9E0981}.Release|Any CPU.ActiveCfg = Release|Any CPU
		{97EA9CA5-8D50-405E-AE96-80A32C9E0981}.Release|Any CPU.Build.0 = Release|Any CPU
		{97EA9CA5-8D50-405E-AE96-80A32C9E0981}.Release|x64.ActiveCfg = Release|Any CPU
		{97EA9CA5-8D50-405E-AE96-80A32C9E0981}.Release|x64.Build.0 = Release|Any CPU
		{97EA9CA5-8D50-405E-AE96-80A32C9E0981}.Release|x86.ActiveCfg = Release|Any CPU
		{97EA9CA5-8D50-405E-AE96-80A32C9E0981}.Release|x86.Build.0 = Release|Any CPU
		{1293053E-E36A-489D-B1D2-12BF0E5AD593}.Debug|Any CPU.ActiveCfg = Debug|Any CPU
		{1293053E-E36A-489D-B1D2-12BF0E5AD593}.Debug|Any CPU.Build.0 = Debug|Any CPU
		{1293053E-E36A-489D-B1D2-12BF0E5AD593}.Debug|x64.ActiveCfg = Debug|Any CPU
		{1293053E-E36A-489D-B1D2-12BF0E5AD593}.Debug|x64.Build.0 = Debug|Any CPU
		{1293053E-E36A-489D-B1D2-12BF0E5AD593}.Debug|x86.ActiveCfg = Debug|Any CPU
		{1293053E-E36A-489D-B1D2-12BF0E5AD593}.Debug|x86.Build.0 = Debug|Any CPU
		{1293053E-E36A-489D-B1D2-12BF0E5AD593}.Release|Any CPU.ActiveCfg = Release|Any CPU
		{1293053E-E36A-489D-B1D2-12BF0E5AD593}.Release|Any CPU.Build.0 = Release|Any CPU
		{1293053E-E36A-489D-B1D2-12BF0E5AD593}.Release|x64.ActiveCfg = Release|Any CPU
		{1293053E-E36A-489D-B1D2-12BF0E5AD593}.Release|x64.Build.0 = Release|Any CPU
		{1293053E-E36A-489D-B1D2-12BF0E5AD593}.Release|x86.ActiveCfg = Release|Any CPU
		{1293053E-E36A-489D-B1D2-12BF0E5AD593}.Release|x86.Build.0 = Release|Any CPU
		{7FBB2BD7-09F9-4F86-B1C3-D164BC3C2EA9}.Debug|Any CPU.ActiveCfg = Debug|Any CPU
		{7FBB2BD7-09F9-4F86-B1C3-D164BC3C2EA9}.Debug|Any CPU.Build.0 = Debug|Any CPU
		{7FBB2BD7-09F9-4F86-B1C3-D164BC3C2EA9}.Debug|x64.ActiveCfg = Debug|Any CPU
		{7FBB2BD7-09F9-4F86-B1C3-D164BC3C2EA9}.Debug|x64.Build.0 = Debug|Any CPU
		{7FBB2BD7-09F9-4F86-B1C3-D164BC3C2EA9}.Debug|x86.ActiveCfg = Debug|Any CPU
		{7FBB2BD7-09F9-4F86-B1C3-D164BC3C2EA9}.Debug|x86.Build.0 = Debug|Any CPU
		{7FBB2BD7-09F9-4F86-B1C3-D164BC3C2EA9}.Release|Any CPU.ActiveCfg = Release|Any CPU
		{7FBB2BD7-09F9-4F86-B1C3-D164BC3C2EA9}.Release|Any CPU.Build.0 = Release|Any CPU
		{7FBB2BD7-09F9-4F86-B1C3-D164BC3C2EA9}.Release|x64.ActiveCfg = Release|Any CPU
		{7FBB2BD7-09F9-4F86-B1C3-D164BC3C2EA9}.Release|x64.Build.0 = Release|Any CPU
		{7FBB2BD7-09F9-4F86-B1C3-D164BC3C2EA9}.Release|x86.ActiveCfg = Release|Any CPU
		{7FBB2BD7-09F9-4F86-B1C3-D164BC3C2EA9}.Release|x86.Build.0 = Release|Any CPU
		{82AD5540-B092-47AC-8EFF-4536390536EB}.Debug|Any CPU.ActiveCfg = Debug|Any CPU
		{82AD5540-B092-47AC-8EFF-4536390536EB}.Debug|Any CPU.Build.0 = Debug|Any CPU
		{82AD5540-B092-47AC-8EFF-4536390536EB}.Debug|x64.ActiveCfg = Debug|Any CPU
		{82AD5540-B092-47AC-8EFF-4536390536EB}.Debug|x64.Build.0 = Debug|Any CPU
		{82AD5540-B092-47AC-8EFF-4536390536EB}.Debug|x86.ActiveCfg = Debug|Any CPU
		{82AD5540-B092-47AC-8EFF-4536390536EB}.Debug|x86.Build.0 = Debug|Any CPU
		{82AD5540-B092-47AC-8EFF-4536390536EB}.Release|Any CPU.ActiveCfg = Release|Any CPU
		{82AD5540-B092-47AC-8EFF-4536390536EB}.Release|Any CPU.Build.0 = Release|Any CPU
		{82AD5540-B092-47AC-8EFF-4536390536EB}.Release|x64.ActiveCfg = Release|Any CPU
		{82AD5540-B092-47AC-8EFF-4536390536EB}.Release|x64.Build.0 = Release|Any CPU
		{82AD5540-B092-47AC-8EFF-4536390536EB}.Release|x86.ActiveCfg = Release|Any CPU
		{82AD5540-B092-47AC-8EFF-4536390536EB}.Release|x86.Build.0 = Release|Any CPU
	EndGlobalSection
	GlobalSection(NestedProjects) = preSolution
		{158AB089-BD9D-4D3A-94F0-735B81CAB91E} = {B980B00E-8651-4526-B1B8-9A14C7C22D37}
		{057A371C-3370-4BF9-9C62-86DCE0F7F9E9} = {B980B00E-8651-4526-B1B8-9A14C7C22D37}
		{2E90B442-D98C-4A31-A571-1FCA8B2BF44F} = {057A371C-3370-4BF9-9C62-86DCE0F7F9E9}
		{1CF8D066-4B28-416F-8F92-BC8136BEC383} = {057A371C-3370-4BF9-9C62-86DCE0F7F9E9}
		{2290C594-1111-4096-BE3A-97BA574BF8DC} = {057A371C-3370-4BF9-9C62-86DCE0F7F9E9}
		{49E12F2F-40FE-40B8-A55C-60AF0AA642B7} = {B980B00E-8651-4526-B1B8-9A14C7C22D37}
		{F25AD635-6A89-44B0-9DA5-2368D1380540} = {49E12F2F-40FE-40B8-A55C-60AF0AA642B7}
		{60A92EDC-DA1E-4A88-9AB4-756ACA0AC7CC} = {49E12F2F-40FE-40B8-A55C-60AF0AA642B7}
		{74DBF81A-33F9-46AD-A2FF-B2FE71643D72} = {49E12F2F-40FE-40B8-A55C-60AF0AA642B7}
		{8BC4C803-09E6-4AAE-8C8D-027468526CB3} = {49E12F2F-40FE-40B8-A55C-60AF0AA642B7}
		{2C9106DF-1E09-4C15-9540-BB2DF6393BF9} = {B980B00E-8651-4526-B1B8-9A14C7C22D37}
		{2FE8B8C3-7CAD-46B0-B013-0C6F783842AC} = {2C9106DF-1E09-4C15-9540-BB2DF6393BF9}
		{97EA9CA5-8D50-405E-AE96-80A32C9E0981} = {2C9106DF-1E09-4C15-9540-BB2DF6393BF9}
		{1293053E-E36A-489D-B1D2-12BF0E5AD593} = {2C9106DF-1E09-4C15-9540-BB2DF6393BF9}
		{7FBB2BD7-09F9-4F86-B1C3-D164BC3C2EA9} = {2C9106DF-1E09-4C15-9540-BB2DF6393BF9}
		{D94C6DD9-357C-4E5E-9D67-6A880B957988} = {66CD2E7C-13A8-4A78-B76E-98B7EA683381}
		{8B079736-6082-45AA-B25F-E38D4F76F3E3} = {66CD2E7C-13A8-4A78-B76E-98B7EA683381}
		{82AD5540-B092-47AC-8EFF-4536390536EB} = {8B079736-6082-45AA-B25F-E38D4F76F3E3}
	EndGlobalSection
EndGlobal
